
Microsoft Visual Studio Solution File, Format Version 12.00
# Visual Studio Version 16
VisualStudioVersion = 16.0.31019.35
MinimumVisualStudioVersion = 10.0.40219.1
Project("{FAE04EC0-301F-11D3-BF4B-00C04F79EFBC}") = "FBTarjeta", "FBTarjeta\FBTarjeta.csproj", "{5AE11AAD-4EDC-4364-BCE7-66A78DBA321D}"
EndProject
Global
	GlobalSection(SolutionConfigurationPlatforms) = preSolution
		Debug|Any CPU = Debug|Any CPU
		Release|Any CPU = Release|Any CPU
	EndGlobalSection
	GlobalSection(ProjectConfigurationPlatforms) = postSolution
		{5AE11AAD-4EDC-4364-BCE7-66A78DBA321D}.Debug|Any CPU.ActiveCfg = Debug|Any CPU
		{5AE11AAD-4EDC-4364-BCE7-66A78DBA321D}.Debug|Any CPU.Build.0 = Debug|Any CPU
		{5AE11AAD-4EDC-4364-BCE7-66A78DBA321D}.Release|Any CPU.ActiveCfg = Release|Any CPU
		{5AE11AAD-4EDC-4364-BCE7-66A78DBA321D}.Release|Any CPU.Build.0 = Release|Any CPU
	EndGlobalSection
	GlobalSection(SolutionProperties) = preSolution
		HideSolutionNode = FALSE
	EndGlobalSection
	GlobalSection(ExtensibilityGlobals) = postSolution
		SolutionGuid = {8EEE0086-8885-4246-BF44-835F812122F7}
	EndGlobalSection
EndGlobal
